
Microsoft Visual Studio Solution File, Format Version 12.00
# Visual Studio 2012
Project("{FAE04EC0-301F-11D3-BF4B-00C04F79EFBC}") = "01_WebApp", "HttpClientSample\01_WebApp.csproj", "{03B3DAC2-8767-433C-8CC8-B00FBC8DC6A2}"
EndProject
Project("{FAE04EC0-301F-11D3-BF4B-00C04F79EFBC}") = "02_ConsoleHttpClient", "ConsoleHttpClient\02_ConsoleHttpClient.csproj", "{4662D0AF-9FDD-44D7-BC6F-860F7E5A4780}"
EndProject
Project("{FAE04EC0-301F-11D3-BF4B-00C04F79EFBC}") = "03_WpfHttpClient", "WpfHttpClient\03_WpfHttpClient.csproj", "{3A88D9A7-A711-408A-BBB2-5AFB94E24972}"
EndProject
Global
	GlobalSection(SolutionConfigurationPlatforms) = preSolution
		Debug|Any CPU = Debug|Any CPU
		Release|Any CPU = Release|Any CPU
	EndGlobalSection
	GlobalSection(ProjectConfigurationPlatforms) = postSolution
		{03B3DAC2-8767-433C-8CC8-B00FBC8DC6A2}.Debug|Any CPU.ActiveCfg = Debug|Any CPU
		{03B3DAC2-8767-433C-8CC8-B00FBC8DC6A2}.Debug|Any CPU.Build.0 = Debug|Any CPU
		{03B3DAC2-8767-433C-8CC8-B00FBC8DC6A2}.Release|Any CPU.ActiveCfg = Release|Any CPU
		{03B3DAC2-8767-433C-8CC8-B00FBC8DC6A2}.Release|Any CPU.Build.0 = Release|Any CPU
		{4662D0AF-9FDD-44D7-BC6F-860F7E5A4780}.Debug|Any CPU.ActiveCfg = Debug|Any CPU
		{4662D0AF-9FDD-44D7-BC6F-860F7E5A4780}.Debug|Any CPU.Build.0 = Debug|Any CPU
		{4662D0AF-9FDD-44D7-BC6F-860F7E5A4780}.Release|Any CPU.ActiveCfg = Release|Any CPU
		{4662D0AF-9FDD-44D7-BC6F-860F7E5A4780}.Release|Any CPU.Build.0 = Release|Any CPU
		{3A88D9A7-A711-408A-BBB2-5AFB94E24972}.Debug|Any CPU.ActiveCfg = Debug|Any CPU
		{3A88D9A7-A711-408A-BBB2-5AFB94E24972}.Debug|Any CPU.Build.0 = Debug|Any CPU
		{3A88D9A7-A711-408A-BBB2-5AFB94E24972}.Release|Any CPU.ActiveCfg = Release|Any CPU
		{3A88D9A7-A711-408A-BBB2-5AFB94E24972}.Release|Any CPU.Build.0 = Release|Any CPU
	EndGlobalSection
	GlobalSection(SolutionProperties) = preSolution
		HideSolutionNode = FALSE
	EndGlobalSection
EndGlobal
