
Microsoft Visual Studio Solution File, Format Version 12.00
# Visual Studio 2012
Project("{FAE04EC0-301F-11D3-BF4B-00C04F79EFBC}") = "003_WebOptimization", "WebOptimization\003_WebOptimization.csproj", "{A92E0BEF-6C2A-400B-ABA3-4476D4CDF9DC}"
EndProject
Global
	GlobalSection(SolutionConfigurationPlatforms) = preSolution
		Debug|Any CPU = Debug|Any CPU
		Release|Any CPU = Release|Any CPU
	EndGlobalSection
	GlobalSection(ProjectConfigurationPlatforms) = postSolution
		{A92E0BEF-6C2A-400B-ABA3-4476D4CDF9DC}.Debug|Any CPU.ActiveCfg = Debug|Any CPU
		{A92E0BEF-6C2A-400B-ABA3-4476D4CDF9DC}.Debug|Any CPU.Build.0 = Debug|Any CPU
		{A92E0BEF-6C2A-400B-ABA3-4476D4CDF9DC}.Release|Any CPU.ActiveCfg = Release|Any CPU
		{A92E0BEF-6C2A-400B-ABA3-4476D4CDF9DC}.Release|Any CPU.Build.0 = Release|Any CPU
	EndGlobalSection
	GlobalSection(SolutionProperties) = preSolution
		HideSolutionNode = FALSE
	EndGlobalSection
EndGlobal
